{
  "nodes": {
    "buck2": {
      "inputs": {
        "flake-utils": "flake-utils",
        "nixpkgs": "nixpkgs",
        "rust-overlay": "rust-overlay"
      },
      "locked": {
        "lastModified": 1746498833,
        "narHash": "sha256-J7wt0U55DViqDwdaS2aoKaMndMy7liiXs4NIZh2nkIA=",
        "owner": "facebook",
        "repo": "buck2",
        "rev": "201beb86106fecdc84e30260b0f1abb5bf576988",
        "type": "github"
      },
      "original": {
        "owner": "facebook",
        "repo": "buck2",
        "rev": "201beb86106fecdc84e30260b0f1abb5bf576988",
        "type": "github"
      }
    },
    "flake-utils": {
      "inputs": {
        "systems": "systems"
      },
      "locked": {
        "lastModified": 1731533236,
        "narHash": "sha256-l0KFg5HjrsfsO/JpG+r7fRrqm12kzFHyUHqHCVpMMbI=",
        "owner": "numtide",
        "repo": "flake-utils",
        "rev": "11707dc2f618dd54ca8739b309ec4fc024de578b",
        "type": "github"
      },
      "original": {
        "owner": "numtide",
        "repo": "flake-utils",
        "type": "github"
      }
    },
    "flake-utils_2": {
      "inputs": {
        "systems": "systems_2"
      },
      "locked": {
        "lastModified": 1731533236,
        "narHash": "sha256-l0KFg5HjrsfsO/JpG+r7fRrqm12kzFHyUHqHCVpMMbI=",
        "owner": "numtide",
        "repo": "flake-utils",
        "rev": "11707dc2f618dd54ca8739b309ec4fc024de578b",
        "type": "github"
      },
      "original": {
        "owner": "numtide",
        "repo": "flake-utils",
        "type": "github"
      }
    },
    "gomod2nix": {
      "inputs": {
        "flake-utils": "flake-utils_2",
        "nixpkgs": [
          "nixpkgs"
        ]
      },
      "locked": {
        "lastModified": 1756047880,
        "narHash": "sha256-JeuGh9kA1SPL70fnvpLxkIkCWpTjtoPaus3jzvdna0k=",
        "owner": "nix-community",
        "repo": "gomod2nix",
        "rev": "47d628dc3b506bd28632e47280c6b89d3496909d",
        "type": "github"
      },
      "original": {
        "owner": "nix-community",
        "repo": "gomod2nix",
        "type": "github"
      }
    },
    "nixpkgs": {
      "locked": {
        "lastModified": 1748344075,
        "narHash": "sha256-PsZAY3H0e/PBoDVn4fLwGEmeSwESj7SZPZ6CMfgbWFU=",
        "owner": "nixos",
        "repo": "nixpkgs",
        "rev": "e0042dedfbc9134ef973f64e5c7f56a38cc5cc97",
        "type": "github"
      },
      "original": {
        "owner": "nixos",
        "ref": "nixpkgs-unstable",
        "repo": "nixpkgs",
        "type": "github"
      }
    },
    "nixpkgs_2": {
      "locked": {
        "lastModified": 1755615617,
        "narHash": "sha256-HMwfAJBdrr8wXAkbGhtcby1zGFvs+StOp19xNsbqdOg=",
        "owner": "NixOS",
        "repo": "nixpkgs",
        "rev": "20075955deac2583bb12f07151c2df830ef346b4",
        "type": "github"
      },
      "original": {
        "owner": "NixOS",
        "ref": "nixos-unstable",
        "repo": "nixpkgs",
        "type": "github"
      }
    },
    "nixpkgs_3": {
      "locked": {
        "lastModified": 1763678758,
        "narHash": "sha256-+hBiJ+kG5IoffUOdlANKFflTT5nO3FrrR2CA3178Y5s=",
        "owner": "NixOS",
        "repo": "nixpkgs",
        "rev": "117cc7f94e8072499b0a7aa4c52084fa4e11cc9b",
        "type": "github"
      },
      "original": {
        "owner": "NixOS",
        "ref": "nixos-unstable",
        "repo": "nixpkgs",
        "type": "github"
      }
    },
    "root": {
      "inputs": {
        "buck2": "buck2",
        "gomod2nix": "gomod2nix",
        "nixpkgs": "nixpkgs_2",
        "uv2nix": "uv2nix"
      }
    },
    "rust-overlay": {
      "inputs": {
        "nixpkgs": [
          "buck2",
          "nixpkgs"
        ]
      },
      "locked": {
        "lastModified": 1748399823,
        "narHash": "sha256-kahD8D5hOXOsGbNdoLLnqCL887cjHkx98Izc37nDjlA=",
        "owner": "oxalica",
        "repo": "rust-overlay",
        "rev": "d68a69dc71bc19beb3479800392112c2f6218159",
        "type": "github"
      },
      "original": {
        "owner": "oxalica",
        "repo": "rust-overlay",
        "type": "github"
      }
    },
    "systems": {
      "locked": {
        "lastModified": 1681028828,
        "narHash": "sha256-Vy1rq5AaRuLzOxct8nz4T6wlgyUR7zLU309k9mBC768=",
        "owner": "nix-systems",
        "repo": "default",
        "rev": "da67096a3b9bf56a91d16901293e51ba5b49a27e",
        "type": "github"
      },
      "original": {
        "owner": "nix-systems",
        "repo": "default",
        "type": "github"
      }
    },
    "systems_2": {
      "locked": {
        "lastModified": 1681028828,
        "narHash": "sha256-Vy1rq5AaRuLzOxct8nz4T6wlgyUR7zLU309k9mBC768=",
        "owner": "nix-systems",
        "repo": "default",
        "rev": "da67096a3b9bf56a91d16901293e51ba5b49a27e",
        "type": "github"
      },
      "original": {
        "owner": "nix-systems",
        "repo": "default",
        "type": "github"
      }
    },
    "uv2nix": {
      "inputs": {
        "nixpkgs": "nixpkgs_3"
      },
      "locked": {
        "lastModified": 1,
        "narHash": "sha256-vXZrHJkE52D3q4QH6YWbZCpWQVUwenjhV5JKOSA4TyM=",
        "path": "./third_party/uv2nix",
        "type": "path"
      },
      "original": {
        "path": "./third_party/uv2nix",
        "type": "path"
      }
    }
  },
  "root": "root",
  "version": 7
}
